
Microsoft Visual Studio Solution File, Format Version 12.00
# Visual Studio Version 16
VisualStudioVersion = 16.0.32002.261
MinimumVisualStudioVersion = 10.0.40219.1
Project("{FAE04EC0-301F-11D3-BF4B-00C04F79EFBC}") = "GestionEcole", "GestionEcole\GestionEcole.csproj", "{0776786A-C66B-4C6E-97E6-6AF29E7258F6}"
EndProject
Global
	GlobalSection(SolutionConfigurationPlatforms) = preSolution
		Debug|Any CPU = Debug|Any CPU
		Release|Any CPU = Release|Any CPU
	EndGlobalSection
	GlobalSection(ProjectConfigurationPlatforms) = postSolution
		{0776786A-C66B-4C6E-97E6-6AF29E7258F6}.Debug|Any CPU.ActiveCfg = Debug|Any CPU
		{0776786A-C66B-4C6E-97E6-6AF29E7258F6}.Debug|Any CPU.Build.0 = Debug|Any CPU
		{0776786A-C66B-4C6E-97E6-6AF29E7258F6}.Release|Any CPU.ActiveCfg = Release|Any CPU
		{0776786A-C66B-4C6E-97E6-6AF29E7258F6}.Release|Any CPU.Build.0 = Release|Any CPU
	EndGlobalSection
	GlobalSection(SolutionProperties) = preSolution
		HideSolutionNode = FALSE
	EndGlobalSection
	GlobalSection(ExtensibilityGlobals) = postSolution
		SolutionGuid = {451E299A-2A65-4AC2-987A-EACA455C146D}
	EndGlobalSection
EndGlobal
